// !$*UTF8*$!
{
	archiveVersion = 1;
	classes = {
	};
	objectVersion = 46;
	objects = {

/* Begin PBXBuildFile section */
		F453510C1412F5E800DEEE6B /* UIKit.framework in Frameworks */ = {isa = PBXBuildFile; fileRef = F453510B1412F5E800DEEE6B /* UIKit.framework */; };
		F453510E1412F5E800DEEE6B /* Foundation.framework in Frameworks */ = {isa = PBXBuildFile; fileRef = F453510D1412F5E800DEEE6B /* Foundation.framework */; };
		F45351101412F5E800DEEE6B /* CoreGraphics.framework in Frameworks */ = {isa = PBXBuildFile; fileRef = F453510F1412F5E800DEEE6B /* CoreGraphics.framework */; };
		F45351161412F5E800DEEE6B /* InfoPlist.strings in Resources */ = {isa = PBXBuildFile; fileRef = F45351141412F5E800DEEE6B /* InfoPlist.strings */; };
		F45351181412F5E800DEEE6B /* main.m in Sources */ = {isa = PBXBuildFile; fileRef = F45351171412F5E800DEEE6B /* main.m */; };
		F453511C1412F5E800DEEE6B /* StoriesAppDelegate.m in Sources */ = {isa = PBXBuildFile; fileRef = F453511B1412F5E800DEEE6B /* StoriesAppDelegate.m */; };
		F453511F1412F5E800DEEE6B /* MainWindow.xib in Resources */ = {isa = PBXBuildFile; fileRef = F453511D1412F5E800DEEE6B /* MainWindow.xib */; };
		F45351221412F5E800DEEE6B /* RootViewController.m in Sources */ = {isa = PBXBuildFile; fileRef = F45351211412F5E800DEEE6B /* RootViewController.m */; };
		F45351251412F5E800DEEE6B /* RootViewController.xib in Resources */ = {isa = PBXBuildFile; fileRef = F45351231412F5E800DEEE6B /* RootViewController.xib */; };
/* End PBXBuildFile section */

/* Begin PBXFileReference section */
		F45351071412F5E800DEEE6B /* Stories.app */ = {isa = PBXFileReference; explicitFileType = wrapper.application; includeInIndex = 0; path = Stories.app; sourceTree = BUILT_PRODUCTS_DIR; };
		F453510B1412F5E800DEEE6B /* UIKit.framework */ = {isa = PBXFileReference; lastKnownFileType = wrapper.framework; name = UIKit.framework; path = System/Library/Frameworks/UIKit.framework; sourceTree = SDKROOT; };
		F453510D1412F5E800DEEE6B /* Foundation.framework */ = {isa = PBXFileReference; lastKnownFileType = wrapper.framework; name = Foundation.framework; path = System/Library/Frameworks/Foundation.framework; sourceTree = SDKROOT; };
		F453510F1412F5E800DEEE6B /* CoreGraphics.framework */ = {isa = PBXFileReference; lastKnownFileType = wrapper.framework; name = CoreGraphics.framework; path = System/Library/Frameworks/CoreGraphics.framework; sourceTree = SDKROOT; };
		F45351131412F5E800DEEE6B /* Stories-Info.plist */ = {isa = PBXFileReference; path = "Stories-Info.plist"; sourceTree = "<group>"; };
		F45351151412F5E800DEEE6B /* en */ = {isa = PBXFileReference; lastKnownFileType = text.plist.strings; name = en; path = en.lproj/InfoPlist.strings; sourceTree = "<group>"; };
		F45351171412F5E800DEEE6B /* main.m */ = {isa = PBXFileReference; lastKnownFileType = sourcecode.c.objc; path = main.m; sourceTree = "<group>"; };
		F45351191412F5E800DEEE6B /* Stories-Prefix.pch */ = {isa = PBXFileReference; path = "Stories-Prefix.pch"; sourceTree = "<group>"; };
		F453511A1412F5E800DEEE6B /* StoriesAppDelegate.h */ = {isa = PBXFileReference; path = StoriesAppDelegate.h; sourceTree = "<group>"; };
		F453511B1412F5E800DEEE6B /* StoriesAppDelegate.m */ = {isa = PBXFileReference; lastKnownFileType = sourcecode.c.objc; path = StoriesAppDelegate.m; sourceTree = "<group>"; };
		F453511E1412F5E800DEEE6B /* en */ = {isa = PBXFileReference; lastKnownFileType = file.xib; name = en; path = en.lproj/MainWindow.xib; sourceTree = "<group>"; };
		F45351201412F5E800DEEE6B /* RootViewController.h */ = {isa = PBXFileReference; path = RootViewController.h; sourceTree = "<group>"; };
		F45351211412F5E800DEEE6B /* RootViewController.m */ = {isa = PBXFileReference; lastKnownFileType = sourcecode.c.objc; path = RootViewController.m; sourceTree = "<group>"; };
		F45351241412F5E800DEEE6B /* en */ = {isa = PBXFileReference; lastKnownFileType = file.xib; name = en; path = en.lproj/RootViewController.xib; sourceTree = "<group>"; };
/* End PBXFileReference section */

/* Begin PBXFrameworksBuildPhase section */
		F45351041412F5E800DEEE6B /* Frameworks */ = {
			isa = PBXFrameworksBuildPhase;
			buildActionMask = 2147483647;
			files = (
				F453510C1412F5E800DEEE6B /* UIKit.framework in Frameworks */,
				F453510E1412F5E800DEEE6B /* Foundation.framework in Frameworks */,
				F45351101412F5E800DEEE6B /* CoreGraphics.framework in Frameworks */,
			);
			runOnlyForDeploymentPostprocessing = 0;
		};
/* End PBXFrameworksBuildPhase section */

/* Begin PBXGroup section */
		F45350FC1412F5E800DEEE6B = {
			isa = PBXGroup;
			children = (
				F45351111412F5E800DEEE6B /* Stories */,
				F453510A1412F5E800DEEE6B /* Frameworks */,
				F45351081412F5E800DEEE6B /* Products */,
			);
			sourceTree = "<group>";
		};
		F45351081412F5E800DEEE6B /* Products */ = {
			isa = PBXGroup;
			children = (
				F45351071412F5E800DEEE6B /* Stories.app */,
			);
			name = Products;
			sourceTree = "<group>";
		};
		F453510A1412F5E800DEEE6B /* Frameworks */ = {
			isa = PBXGroup;
			children = (
				F453510B1412F5E800DEEE6B /* UIKit.framework */,
				F453510D1412F5E800DEEE6B /* Foundation.framework */,
				F453510F1412F5E800DEEE6B /* CoreGraphics.framework */,
			);
			name = Frameworks;
			sourceTree = "<group>";
		};
		F45351111412F5E800DEEE6B /* Stories */ = {
			isa = PBXGroup;
			children = (
				F453511A1412F5E800DEEE6B /* StoriesAppDelegate.h */,
				F453511B1412F5E800DEEE6B /* StoriesAppDelegate.m */,
				F453511D1412F5E800DEEE6B /* MainWindow.xib */,
				F45351201412F5E800DEEE6B /* RootViewController.h */,
				F45351211412F5E800DEEE6B /* RootViewController.m */,
				F45351231412F5E800DEEE6B /* RootViewController.xib */,
				F45351121412F5E800DEEE6B /* Supporting Files */,
			);
			path = Stories;
			sourceTree = "<group>";
		};
		F45351121412F5E800DEEE6B /* Supporting Files */ = {
			isa = PBXGroup;
			children = (
				F45351131412F5E800DEEE6B /* Stories-Info.plist */,
				F45351141412F5E800DEEE6B /* InfoPlist.strings */,
				F45351171412F5E800DEEE6B /* main.m */,
				F45351191412F5E800DEEE6B /* Stories-Prefix.pch */,
			);
			name = "Supporting Files";
			sourceTree = "<group>";
		};
/* End PBXGroup section */

/* Begin PBXNativeTarget section */
		F45351061412F5E800DEEE6B /* Stories */ = {
			isa = PBXNativeTarget;
			buildConfigurationList = F45351281412F5E800DEEE6B /* Build configuration list for PBXNativeTarget "Stories" */;
			buildPhases = (
				F45351031412F5E800DEEE6B /* Sources */,
				F45351041412F5E800DEEE6B /* Frameworks */,
				F45351051412F5E800DEEE6B /* Resources */,
			);
			buildRules = (
			);
			dependencies = (
			);
			name = Stories;
			productName = Stories;
			productReference = F45351071412F5E800DEEE6B /* Stories.app */;
			productType = "com.apple.product-type.application";
		};
/* End PBXNativeTarget section */

/* Begin PBXProject section */
		F45350FE1412F5E800DEEE6B /* Project object */ = {
			isa = PBXProject;
			buildConfigurationList = F45351011412F5E800DEEE6B /* Build configuration list for PBXProject "Stories" */;
			compatibilityVersion = "Xcode 3.2";
			developmentRegion = English;
			hasScannedForEncodings = 0;
			knownRegions = (
				en,
			);
			mainGroup = F45350FC1412F5E800DEEE6B;
			productRefGroup = F45351081412F5E800DEEE6B /* Products */;
			projectDirPath = "";
			projectRoot = "";
			targets = (
				F45351061412F5E800DEEE6B /* Stories */,
			);
		};
/* End PBXProject section */

/* Begin PBXResourcesBuildPhase section */
		F45351051412F5E800DEEE6B /* Resources */ = {
			isa = PBXResourcesBuildPhase;
			buildActionMask = 2147483647;
			files = (
				F45351161412F5E800DEEE6B /* InfoPlist.strings in Resources */,
				F453511F1412F5E800DEEE6B /* MainWindow.xib in Resources */,
				F45351251412F5E800DEEE6B /* RootViewController.xib in Resources */,
			);
			runOnlyForDeploymentPostprocessing = 0;
		};
/* End PBXResourcesBuildPhase section */

/* Begin PBXSourcesBuildPhase section */
		F45351031412F5E800DEEE6B /* Sources */ = {
			isa = PBXSourcesBuildPhase;
			buildActionMask = 2147483647;
			files = (
				F45351181412F5E800DEEE6B /* main.m in Sources */,
				F453511C1412F5E800DEEE6B /* StoriesAppDelegate.m in Sources */,
				F45351221412F5E800DEEE6B /* RootViewController.m in Sources */,
			);
			runOnlyForDeploymentPostprocessing = 0;
		};
/* End PBXSourcesBuildPhase section */

/* Begin PBXVariantGroup section */
		F45351141412F5E800DEEE6B /* InfoPlist.strings */ = {
			isa = PBXVariantGroup;
			children = (
				F45351151412F5E800DEEE6B /* en */,
			);
			name = InfoPlist.strings;
			sourceTree = "<group>";
		};
		F453511D1412F5E800DEEE6B /* MainWindow.xib */ = {
			isa = PBXVariantGroup;
			children = (
				F453511E1412F5E800DEEE6B /* en */,
			);
			name = MainWindow.xib;
			sourceTree = "<group>";
		};
		F45351231412F5E800DEEE6B /* RootViewController.xib */ = {
			isa = PBXVariantGroup;
			children = (
				F45351241412F5E800DEEE6B /* en */,
			);
			name = RootViewController.xib;
			sourceTree = "<group>";
		};
/* End PBXVariantGroup section */

/* Begin XCBuildConfiguration section */
		F45351261412F5E800DEEE6B /* Debug */ = {
			isa = XCBuildConfiguration;
			buildSettings = {
				ALWAYS_SEARCH_USER_PATHS = NO;
				ARCHS = "$(ARCHS_STANDARD_32_BIT)";
				"CODE_SIGN_IDENTITY[sdk=iphoneos*]" = "iPhone Developer";
				COPY_PHASE_STRIP = NO;
				GCC_C_LANGUAGE_STANDARD = gnu99;
				GCC_DYNAMIC_NO_PIC = NO;
				GCC_OPTIMIZATION_LEVEL = 0;
				GCC_PREPROCESSOR_DEFINITIONS = (
					"DEBUG=1",
					"$(inherited)",
				);
				GCC_SYMBOLS_PRIVATE_EXTERN = NO;
				GCC_VERSION = com.apple.compilers.llvmgcc42;
				GCC_WARN_ABOUT_MISSING_PROTOTYPES = YES;
				GCC_WARN_ABOUT_RETURN_TYPE = YES;
				GCC_WARN_UNUSED_VARIABLE = YES;
				IPHONEOS_DEPLOYMENT_TARGET = 4.3;
				SDKROOT = iphoneos;
			};
			name = Debug;
		};
		F45351271412F5E800DEEE6B /* Release */ = {
			isa = XCBuildConfiguration;
			buildSettings = {
				ALWAYS_SEARCH_USER_PATHS = NO;
				ARCHS = "$(ARCHS_STANDARD_32_BIT)";
				"CODE_SIGN_IDENTITY[sdk=iphoneos*]" = "iPhone Developer";
				COPY_PHASE_STRIP = YES;
				GCC_C_LANGUAGE_STANDARD = gnu99;
				GCC_VERSION = com.apple.compilers.llvmgcc42;
				GCC_WARN_ABOUT_MISSING_PROTOTYPES = YES;
				GCC_WARN_ABOUT_RETURN_TYPE = YES;
				GCC_WARN_UNUSED_VARIABLE = YES;
				IPHONEOS_DEPLOYMENT_TARGET = 4.3;
				OTHER_CFLAGS = "-DNS_BLOCK_ASSERTIONS=1";
				SDKROOT = iphoneos;
				VALIDATE_PRODUCT = YES;
			};
			name = Release;
		};
		F45351291412F5E800DEEE6B /* Debug */ = {
			isa = XCBuildConfiguration;
			buildSettings = {
				GCC_PRECOMPILE_PREFIX_HEADER = YES;
				GCC_PREFIX_HEADER = "Stories/Stories-Prefix.pch";
				INFOPLIST_FILE = "Stories/Stories-Info.plist";
				PRODUCT_NAME = "$(TARGET_NAME)";
				WRAPPER_EXTENSION = app;
			};
			name = Debug;
		};
		F453512A1412F5E800DEEE6B /* Release */ = {
			isa = XCBuildConfiguration;
			buildSettings = {
				GCC_PRECOMPILE_PREFIX_HEADER = YES;
				GCC_PREFIX_HEADER = "Stories/Stories-Prefix.pch";
				INFOPLIST_FILE = "Stories/Stories-Info.plist";
				PRODUCT_NAME = "$(TARGET_NAME)";
				WRAPPER_EXTENSION = app;
			};
			name = Release;
		};
/* End XCBuildConfiguration section */

/* Begin XCConfigurationList section */
		F45351011412F5E800DEEE6B /* Build configuration list for PBXProject "Stories" */ = {
			isa = XCConfigurationList;
			buildConfigurations = (
				F45351261412F5E800DEEE6B /* Debug */,
				F45351271412F5E800DEEE6B /* Release */,
			);
			defaultConfigurationIsVisible = 0;
			defaultConfigurationName = Release;
		};
		F45351281412F5E800DEEE6B /* Build configuration list for PBXNativeTarget "Stories" */ = {
			isa = XCConfigurationList;
			buildConfigurations = (
				F45351291412F5E800DEEE6B /* Debug */,
				F453512A1412F5E800DEEE6B /* Release */,
			);
			defaultConfigurationIsVisible = 0;
		};
/* End XCConfigurationList section */
	};
	rootObject = F45350FE1412F5E800DEEE6B /* Project object */;
}
